<?xml version="1.0" encoding="utf-8"?>
<Project ToolsVersion="4.0" xmlns="http://schemas.microsoft.com/developer/msbuild/2003">
  <ItemGroup>
    <Filter Include="源文件">
      <UniqueIdentifier>{4FC737F1-C7A5-4376-A066-2A32D752A2FF}</UniqueIdentifier>
      <Extensions>cpp;c;cc;cxx;def;odl;idl;hpj;bat;asm;asmx</Extensions>
    </Filter>
    <Filter Include="头文件">
      <UniqueIdentifier>{93995380-89BD-4b04-88EB-625FBE52EBFB}</UniqueIdentifier>
      <Extensions>h;hh;hpp;hxx;hm;inl;inc;ipp;xsd</Extensions>
    </Filter>
    <Filter Include="资源文件">
      <UniqueIdentifier>{67DA6AB6-F800-4c08-8B7A-83BB121AAD01}</UniqueIdentifier>
      <Extensions>rc;ico;cur;bmp;dlg;rc2;rct;bin;rgs;gif;jpg;jpeg;jpe;resx;tiff;tif;png;wav;mfcribbon-ms</Extensions>
    </Filter>
  </ItemGroup>
  <ItemGroup>
    <ClCompile Include="src\glad.c">
      <Filter>源文件</Filter>
    </ClCompile>
    <ClCompile Include="src\shader.cpp">
      <Filter>源文件</Filter>
    </ClCompile>
    <ClCompile Include="src\entity\world.cpp">
      <Filter>源文件</Filter>
    </ClCompile>
    <ClCompile Include="src\mesh.cpp">
      <Filter>源文件</Filter>
    </ClCompile>
    <ClCompile Include="src\material.cpp">
      <Filter>源文件</Filter>
    </ClCompile>
    <ClCompile Include="src\mesh_renderer.cpp">
      <Filter>源文件</Filter>
    </ClCompile>
    <ClCompile Include="src\entity\world_object.cpp">
      <Filter>源文件</Filter>
    </ClCompile>
    <ClCompile Include="src\entity\entity.cpp">
      <Filter>源文件</Filter>
    </ClCompile>
    <ClCompile Include="src\entity\component.cpp">
      <Filter>源文件</Filter>
    </ClCompile>
    <ClCompile Include="src\geometry\vector3.cpp">
      <Filter>源文件</Filter>
    </ClCompile>
    <ClCompile Include="src\geometry\matrix4x4.cpp">
      <Filter>源文件</Filter>
    </ClCompile>
    <ClCompile Include="src\geometry\quaternion.cpp">
      <Filter>源文件</Filter>
    </ClCompile>
    <ClCompile Include="src\geometry\vector4.cpp">
      <Filter>源文件</Filter>
    </ClCompile>
    <ClCompile Include="src\camera.cpp">
      <Filter>源文件</Filter>
    </ClCompile>
    <ClCompile Include="src\window.cpp">
      <Filter>源文件</Filter>
    </ClCompile>
    <ClCompile Include="src\entity\transform.cpp">
      <Filter>源文件</Filter>
    </ClCompile>
    <ClCompile Include="src\application\application.cpp">
      <Filter>源文件</Filter>
    </ClCompile>
    <ClCompile Include="src\application\input.cpp">
      <Filter>源文件</Filter>
    </ClCompile>
    <ClCompile Include="src\application\time.cpp">
      <Filter>源文件</Filter>
    </ClCompile>
    <ClCompile Include="src\geometry\ray.cpp">
      <Filter>源文件</Filter>
    </ClCompile>
    <ClCompile Include="src\geometry\plane.cpp">
      <Filter>源文件</Filter>
    </ClCompile>
    <ClCompile Include="src\geometry\physics.cpp">
      <Filter>源文件</Filter>
    </ClCompile>
    <ClCompile Include="src\graphic\color.cpp">
      <Filter>源文件</Filter>
    </ClCompile>
    <ClCompile Include="src\plot\space_grid.cpp">
      <Filter>源文件</Filter>
    </ClCompile>
    <ClCompile Include="src\asset_importer.cpp">
      <Filter>源文件</Filter>
    </ClCompile>
    <ClCompile Include="src\material_property_block.cpp">
      <Filter>源文件</Filter>
    </ClCompile>
    <ClCompile Include="src\geometry\vector2.cpp">
      <Filter>源文件</Filter>
    </ClCompile>
    <ClCompile Include="src\text_2d.cpp">
      <Filter>源文件</Filter>
    </ClCompile>
    <ClCompile Include="src\texture.cpp">
      <Filter>源文件</Filter>
    </ClCompile>
    <ClCompile Include="src\ui_helper.cpp">
      <Filter>源文件</Filter>
    </ClCompile>
    <ClCompile Include="src\camera_helper.cpp">
      <Filter>源文件</Filter>
    </ClCompile>
    <ClCompile Include="src\plot\rectangle.cpp">
      <Filter>源文件</Filter>
    </ClCompile>
    <ClCompile Include="src\resource\resource_manager.cpp">
      <Filter>源文件</Filter>
    </ClCompile>
    <ClCompile Include="src\geometry\random.cpp">
      <Filter>源文件</Filter>
    </ClCompile>
    <ClCompile Include="src\plot\segment.cpp">
      <Filter>源文件</Filter>
    </ClCompile>
    <ClCompile Include="src\geometry\bounds.cpp">
      <Filter>源文件</Filter>
    </ClCompile>
    <ClCompile Include="src\core_component\bounds_component.cpp">
      <Filter>源文件</Filter>
    </ClCompile>
    <ClCompile Include="src\plot\plot_helper.cpp">
      <Filter>源文件</Filter>
    </ClCompile>
    <ClCompile Include="src\geometry\matrix4x4_helper.cpp">
      <Filter>源文件</Filter>
    </ClCompile>
    <ClCompile Include="src\core_component\uniform_scale_component.cpp">
      <Filter>源文件</Filter>
    </ClCompile>
    <ClCompile Include="src\plot\triangle.cpp">
      <Filter>源文件</Filter>
    </ClCompile>
    <ClCompile Include="src\plot\pentagram.cpp">
      <Filter>源文件</Filter>
    </ClCompile>
    <ClCompile Include="src\core_component\text_component.cpp">
      <Filter>源文件</Filter>
    </ClCompile>
    <ClCompile Include="src\plot\stock_layout_item.cpp">
      <Filter>源文件</Filter>
    </ClCompile>
    <ClCompile Include="src\plot\stock_vertical_layout.cpp">
      <Filter>源文件</Filter>
    </ClCompile>
    <ClCompile Include="src\pb\chimera.grpc.pb.cc">
      <Filter>源文件</Filter>
    </ClCompile>
    <ClCompile Include="src\pb\chimera.pb.cc">
      <Filter>源文件</Filter>
    </ClCompile>
    <ClCompile Include="src\pb\common.grpc.pb.cc">
      <Filter>源文件</Filter>
    </ClCompile>
    <ClCompile Include="src\pb\common.pb.cc">
      <Filter>源文件</Filter>
    </ClCompile>
    <ClCompile Include="src\pb\helloworld.grpc.pb.cc">
      <Filter>源文件</Filter>
    </ClCompile>
    <ClCompile Include="src\pb\helloworld.pb.cc">
      <Filter>源文件</Filter>
    </ClCompile>
    <ClCompile Include="src\pb\message.grpc.pb.cc">
      <Filter>源文件</Filter>
    </ClCompile>
    <ClCompile Include="src\pb\message.pb.cc">
      <Filter>源文件</Filter>
    </ClCompile>
    <ClCompile Include="src\pb\monitor.grpc.pb.cc">
      <Filter>源文件</Filter>
    </ClCompile>
    <ClCompile Include="src\pb\monitor.pb.cc">
      <Filter>源文件</Filter>
    </ClCompile>
    <ClCompile Include="src\pb\prophet.grpc.pb.cc">
      <Filter>源文件</Filter>
    </ClCompile>
    <ClCompile Include="src\pb\prophet.pb.cc">
      <Filter>源文件</Filter>
    </ClCompile>
    <ClCompile Include="src\pb\trade.grpc.pb.cc">
      <Filter>源文件</Filter>
    </ClCompile>
    <ClCompile Include="src\pb\trade.pb.cc">
      <Filter>源文件</Filter>
    </ClCompile>
    <ClCompile Include="src\pb\xueqiu.grpc.pb.cc">
      <Filter>源文件</Filter>
    </ClCompile>
    <ClCompile Include="src\pb\xueqiu.pb.cc">
      <Filter>源文件</Filter>
    </ClCompile>
    <ClCompile Include="src\common\file_helper.cpp">
      <Filter>源文件</Filter>
    </ClCompile>
    <ClCompile Include="src\pb\prefab.pb.cc">
      <Filter>源文件</Filter>
    </ClCompile>
    <ClCompile Include="src\asset_loader\prefab_loader.cpp">
      <Filter>源文件</Filter>
    </ClCompile>
    <ClCompile Include="src\entity\object_id.cpp">
      <Filter>源文件</Filter>
    </ClCompile>
    <ClCompile Include="src\chimera_server.cpp">
      <Filter>源文件</Filter>
    </ClCompile>
    <ClCompile Include="src\main.cpp">
      <Filter>源文件</Filter>
    </ClCompile>
    <ClCompile Include="src\command\destroy_entity_command.cpp">
      <Filter>源文件</Filter>
    </ClCompile>
    <ClCompile Include="src\command\reset_plot_command.cpp">
      <Filter>源文件</Filter>
    </ClCompile>
    <ClCompile Include="src\command\focus_plot_command.cpp">
      <Filter>源文件</Filter>
    </ClCompile>
    <ClCompile Include="src\asset_loader\object_convertor.cpp">
      <Filter>源文件</Filter>
    </ClCompile>
    <ClCompile Include="src\plot\price_digest_glyph.cpp">
      <Filter>源文件</Filter>
    </ClCompile>
    <ClCompile Include="src\command\tree_command.cpp">
      <Filter>源文件</Filter>
    </ClCompile>
    <ClCompile Include="src\testcase\test_floating_panel.h">
      <Filter>源文件</Filter>
    </ClCompile>
    <ClCompile Include="src\plot\floating_panel.cpp">
      <Filter>源文件</Filter>
    </ClCompile>
    <ClCompile Include="src\testcase\test_floating_panel.cpp">
      <Filter>源文件</Filter>
    </ClCompile>
    <ClCompile Include="src\plot\line_stipple.cpp">
      <Filter>源文件</Filter>
    </ClCompile>
    <ClCompile Include="src\testcase\test_line_stipple.cpp">
      <Filter>源文件</Filter>
    </ClCompile>
    <ClCompile Include="src\plot\cursor_sight.cpp">
      <Filter>源文件</Filter>
    </ClCompile>
    <ClCompile Include="src\plot\floating_panel_item_tips.cpp">
      <Filter>源文件</Filter>
    </ClCompile>
    <ClCompile Include="src\imgui\backends\imgui_impl_glfw.cpp">
      <Filter>源文件</Filter>
    </ClCompile>
    <ClCompile Include="src\imgui\backends\imgui_impl_opengl3.cpp">
      <Filter>源文件</Filter>
    </ClCompile>
    <ClCompile Include="src\imgui\backends\imgui_impl_win32.cpp">
      <Filter>源文件</Filter>
    </ClCompile>
    <ClCompile Include="src\imgui\imgui.cpp">
      <Filter>源文件</Filter>
    </ClCompile>
    <ClCompile Include="src\imgui\imgui_demo.cpp">
      <Filter>源文件</Filter>
    </ClCompile>
    <ClCompile Include="src\imgui\imgui_draw.cpp">
      <Filter>源文件</Filter>
    </ClCompile>
    <ClCompile Include="src\imgui\imgui_tables.cpp">
      <Filter>源文件</Filter>
    </ClCompile>
    <ClCompile Include="src\imgui\imgui_widgets.cpp">
      <Filter>源文件</Filter>
    </ClCompile>
    <ClCompile Include="src\application\imgui_facade.cpp">
      <Filter>源文件</Filter>
    </ClCompile>
    <ClCompile Include="src\gui\hover_tips_window.cpp">
      <Filter>源文件</Filter>
    </ClCompile>
    <ClCompile Include="src\plot\hover_tips.cpp">
      <Filter>源文件</Filter>
    </ClCompile>
    <ClCompile Include="src\gui\top_menu_window.cpp">
      <Filter>源文件</Filter>
    </ClCompile>
    <ClCompile Include="src\chimera_client.cpp">
      <Filter>源文件</Filter>
    </ClCompile>
    <ClCompile Include="src\entity\components_cache.cpp">
      <Filter>源文件</Filter>
    </ClCompile>
    <ClCompile Include="src\gui\menu_item_ma.cpp">
      <Filter>源文件</Filter>
    </ClCompile>
  </ItemGroup>
  <ItemGroup>
    <ClInclude Include="src\default_shader.h">
      <Filter>源文件</Filter>
    </ClInclude>
    <ClInclude Include="src\shader.h">
      <Filter>头文件</Filter>
    </ClInclude>
    <ClInclude Include="src\entity\world.h">
      <Filter>头文件</Filter>
    </ClInclude>
    <ClInclude Include="src\mesh.h">
      <Filter>头文件</Filter>
    </ClInclude>
    <ClInclude Include="src\material.h">
      <Filter>头文件</Filter>
    </ClInclude>
    <ClInclude Include="src\mesh_renderer.h">
      <Filter>头文件</Filter>
    </ClInclude>
    <ClInclude Include="src\entity\world_object.h">
      <Filter>头文件</Filter>
    </ClInclude>
    <ClInclude Include="src\entity\component.h">
      <Filter>头文件</Filter>
    </ClInclude>
    <ClInclude Include="src\entity\entity.h">
      <Filter>头文件</Filter>
    </ClInclude>
    <ClInclude Include="src\geometry\vector3.h">
      <Filter>头文件</Filter>
    </ClInclude>
    <ClInclude Include="src\entity\transform.h">
      <Filter>头文件</Filter>
    </ClInclude>
    <ClInclude Include="src\entity\ec.h">
      <Filter>头文件</Filter>
    </ClInclude>
    <ClInclude Include="src\geometry\vector4.h">
      <Filter>头文件</Filter>
    </ClInclude>
    <ClInclude Include="src\geometry\matrix4x4.h">
      <Filter>头文件</Filter>
    </ClInclude>
    <ClInclude Include="src\camera.h">
      <Filter>头文件</Filter>
    </ClInclude>
    <ClInclude Include="src\material_property_block.h">
      <Filter>头文件</Filter>
    </ClInclude>
    <ClInclude Include="src\geometry\mathf.h">
      <Filter>头文件</Filter>
    </ClInclude>
    <ClInclude Include="src\geometry\geometry.h">
      <Filter>头文件</Filter>
    </ClInclude>
    <ClInclude Include="src\geometry\quaternion.h">
      <Filter>头文件</Filter>
    </ClInclude>
    <ClInclude Include="src\window.h">
      <Filter>头文件</Filter>
    </ClInclude>
    <ClInclude Include="src\application\application.h">
      <Filter>头文件</Filter>
    </ClInclude>
    <ClInclude Include="src\application\input.h">
      <Filter>头文件</Filter>
    </ClInclude>
    <ClInclude Include="src\application\time.h">
      <Filter>头文件</Filter>
    </ClInclude>
    <ClInclude Include="src\geometry\ray.h">
      <Filter>头文件</Filter>
    </ClInclude>
    <ClInclude Include="src\geometry\plane.h">
      <Filter>头文件</Filter>
    </ClInclude>
    <ClInclude Include="src\geometry\physics.h">
      <Filter>头文件</Filter>
    </ClInclude>
    <ClInclude Include="src\graphic\color.h">
      <Filter>头文件</Filter>
    </ClInclude>
    <ClInclude Include="src\graphic\graphic.h">
      <Filter>头文件</Filter>
    </ClInclude>
    <ClInclude Include="src\plot\space_grid.h">
      <Filter>头文件</Filter>
    </ClInclude>
    <ClInclude Include="src\asset_importer.h">
      <Filter>头文件</Filter>
    </ClInclude>
    <ClInclude Include="src\geometry\vector2.h">
      <Filter>头文件</Filter>
    </ClInclude>
    <ClInclude Include="src\text_2d.h">
      <Filter>头文件</Filter>
    </ClInclude>
    <ClInclude Include="src\gl_headers.h">
      <Filter>头文件</Filter>
    </ClInclude>
    <ClInclude Include="src\texture.h">
      <Filter>头文件</Filter>
    </ClInclude>
    <ClInclude Include="vendor\include\stb_image.h">
      <Filter>头文件</Filter>
    </ClInclude>
    <ClInclude Include="src\ui_helper.h">
      <Filter>头文件</Filter>
    </ClInclude>
    <ClInclude Include="src\camera_helper.h">
      <Filter>头文件</Filter>
    </ClInclude>
    <ClInclude Include="src\plot\rectangle.h">
      <Filter>头文件</Filter>
    </ClInclude>
    <ClInclude Include="src\resource\resource_manager.h">
      <Filter>头文件</Filter>
    </ClInclude>
    <ClInclude Include="src\geometry\random.h">
      <Filter>头文件</Filter>
    </ClInclude>
    <ClInclude Include="src\plot\segment.h">
      <Filter>头文件</Filter>
    </ClInclude>
    <ClInclude Include="src\geometry\bounds.h">
      <Filter>头文件</Filter>
    </ClInclude>
    <ClInclude Include="src\core_component\bounds_component.h">
      <Filter>头文件</Filter>
    </ClInclude>
    <ClInclude Include="src\plot\plot_helper.h">
      <Filter>头文件</Filter>
    </ClInclude>
    <ClInclude Include="src\common\common.h">
      <Filter>头文件</Filter>
    </ClInclude>
    <ClInclude Include="src\common\event.h">
      <Filter>头文件</Filter>
    </ClInclude>
    <ClInclude Include="src\plot\space_grid_component.h">
      <Filter>头文件</Filter>
    </ClInclude>
    <ClInclude Include="src\geometry\matrix4x4_helper.h">
      <Filter>头文件</Filter>
    </ClInclude>
    <ClInclude Include="src\core_component\uniform_scale_component.h">
      <Filter>头文件</Filter>
    </ClInclude>
    <ClInclude Include="src\plot\triangle.h">
      <Filter>头文件</Filter>
    </ClInclude>
    <ClInclude Include="src\plot\pentagram.h">
      <Filter>头文件</Filter>
    </ClInclude>
    <ClInclude Include="src\core_component\layout_define.h">
      <Filter>头文件</Filter>
    </ClInclude>
    <ClInclude Include="src\core_component\core_component.h">
      <Filter>头文件</Filter>
    </ClInclude>
    <ClInclude Include="src\core_component\text_component.h">
      <Filter>头文件</Filter>
    </ClInclude>
    <ClInclude Include="src\plot\plot.h">
      <Filter>头文件</Filter>
    </ClInclude>
    <ClInclude Include="src\plot\stock_layout_item.h">
      <Filter>头文件</Filter>
    </ClInclude>
    <ClInclude Include="src\plot\stock_vertical_layout.h">
      <Filter>头文件</Filter>
    </ClInclude>
    <ClInclude Include="src\pb\chimera.grpc.pb.h">
      <Filter>头文件</Filter>
    </ClInclude>
    <ClInclude Include="src\pb\chimera.pb.h">
      <Filter>头文件</Filter>
    </ClInclude>
    <ClInclude Include="src\pb\common.grpc.pb.h">
      <Filter>头文件</Filter>
    </ClInclude>
    <ClInclude Include="src\pb\common.pb.h">
      <Filter>头文件</Filter>
    </ClInclude>
    <ClInclude Include="src\pb\helloworld.grpc.pb.h">
      <Filter>头文件</Filter>
    </ClInclude>
    <ClInclude Include="src\pb\helloworld.pb.h">
      <Filter>头文件</Filter>
    </ClInclude>
    <ClInclude Include="src\pb\message.grpc.pb.h">
      <Filter>头文件</Filter>
    </ClInclude>
    <ClInclude Include="src\pb\message.pb.h">
      <Filter>头文件</Filter>
    </ClInclude>
    <ClInclude Include="src\pb\monitor.grpc.pb.h">
      <Filter>头文件</Filter>
    </ClInclude>
    <ClInclude Include="src\pb\monitor.pb.h">
      <Filter>头文件</Filter>
    </ClInclude>
    <ClInclude Include="src\pb\prophet.grpc.pb.h">
      <Filter>头文件</Filter>
    </ClInclude>
    <ClInclude Include="src\pb\prophet.pb.h">
      <Filter>头文件</Filter>
    </ClInclude>
    <ClInclude Include="src\pb\trade.grpc.pb.h">
      <Filter>头文件</Filter>
    </ClInclude>
    <ClInclude Include="src\pb\trade.pb.h">
      <Filter>头文件</Filter>
    </ClInclude>
    <ClInclude Include="src\pb\xueqiu.grpc.pb.h">
      <Filter>头文件</Filter>
    </ClInclude>
    <ClInclude Include="src\pb\xueqiu.pb.h">
      <Filter>头文件</Filter>
    </ClInclude>
    <ClInclude Include="src\common\file_helper.h">
      <Filter>头文件</Filter>
    </ClInclude>
    <ClInclude Include="src\pb\prefab.pb.h">
      <Filter>头文件</Filter>
    </ClInclude>
    <ClInclude Include="src\asset_loader\asset_loader.h">
      <Filter>头文件</Filter>
    </ClInclude>
    <ClInclude Include="src\asset_loader\prefab_loader.h">
      <Filter>头文件</Filter>
    </ClInclude>
    <ClInclude Include="src\asset_loader\object_convertor.h">
      <Filter>头文件</Filter>
    </ClInclude>
    <ClInclude Include="src\entity\object_id.h">
      <Filter>头文件</Filter>
    </ClInclude>
    <ClInclude Include="src\command\command.h">
      <Filter>头文件</Filter>
    </ClInclude>
    <ClInclude Include="src\chimera_server.h">
      <Filter>头文件</Filter>
    </ClInclude>
    <ClInclude Include="src\command\destroy_entity_command.h">
      <Filter>头文件</Filter>
    </ClInclude>
    <ClInclude Include="src\command\reset_plot_command.h">
      <Filter>头文件</Filter>
    </ClInclude>
    <ClInclude Include="src\command\focus_plot_command.h">
      <Filter>头文件</Filter>
    </ClInclude>
    <ClInclude Include="src\core_component\bounds_getter.h">
      <Filter>头文件</Filter>
    </ClInclude>
    <ClInclude Include="src\plot\price_digest_glyph.h">
      <Filter>头文件</Filter>
    </ClInclude>
    <ClInclude Include="src\plot\stock_price_digest.h">
      <Filter>头文件</Filter>
    </ClInclude>
    <ClInclude Include="src\command\tree_command.h">
      <Filter>头文件</Filter>
    </ClInclude>
    <ClInclude Include="src\plot\floating_panel.h">
      <Filter>头文件</Filter>
    </ClInclude>
    <ClInclude Include="src\plot\line_stipple.h">
      <Filter>头文件</Filter>
    </ClInclude>
    <ClInclude Include="src\testcase\test_line_stipple.h">
      <Filter>头文件</Filter>
    </ClInclude>
    <ClInclude Include="src\plot\cursor_sight.h">
      <Filter>头文件</Filter>
    </ClInclude>
    <ClInclude Include="src\plot\floating_panel_item_tips.h">
      <Filter>头文件</Filter>
    </ClInclude>
    <ClInclude Include="src\imgui\backends\imgui_impl_glfw.h">
      <Filter>头文件</Filter>
    </ClInclude>
    <ClInclude Include="src\imgui\backends\imgui_impl_opengl3.h">
      <Filter>头文件</Filter>
    </ClInclude>
    <ClInclude Include="src\imgui\backends\imgui_impl_win32.h">
      <Filter>头文件</Filter>
    </ClInclude>
    <ClInclude Include="src\imgui\imconfig.h">
      <Filter>头文件</Filter>
    </ClInclude>
    <ClInclude Include="src\imgui\imgui.h">
      <Filter>头文件</Filter>
    </ClInclude>
    <ClInclude Include="src\imgui\imgui_internal.h">
      <Filter>头文件</Filter>
    </ClInclude>
    <ClInclude Include="src\imgui\imstb_rectpack.h">
      <Filter>头文件</Filter>
    </ClInclude>
    <ClInclude Include="src\imgui\imstb_textedit.h">
      <Filter>头文件</Filter>
    </ClInclude>
    <ClInclude Include="src\imgui\imstb_truetype.h">
      <Filter>头文件</Filter>
    </ClInclude>
    <ClInclude Include="src\application\imgui_facade.h">
      <Filter>头文件</Filter>
    </ClInclude>
    <ClInclude Include="src\gui\hover_tips_window.h">
      <Filter>头文件</Filter>
    </ClInclude>
    <ClInclude Include="src\gui\imgui_headers.h">
      <Filter>头文件</Filter>
    </ClInclude>
    <ClInclude Include="src\plot\hover_tips.h">
      <Filter>头文件</Filter>
    </ClInclude>
    <ClInclude Include="src\gui\top_menu_window.h">
      <Filter>头文件</Filter>
    </ClInclude>
    <ClInclude Include="src\chimera_client.h">
      <Filter>头文件</Filter>
    </ClInclude>
    <ClInclude Include="src\entity\components_cache.h">
      <Filter>头文件</Filter>
    </ClInclude>
    <ClInclude Include="src\gui\menu_item_ma.h">
      <Filter>头文件</Filter>
    </ClInclude>
  </ItemGroup>
</Project>